
Microsoft Visual Studio Solution File, Format Version 12.00
# Visual Studio 2012
Project("{FAE04EC0-301F-11D3-BF4B-00C04F79EFBC}") = "LogProxy.Console", "LogProxy.Console\LogProxy.Console.csproj", "{ED3CF737-43CD-4AC3-977C-3FB798C00FFB}"
EndProject
Project("{FAE04EC0-301F-11D3-BF4B-00C04F79EFBC}") = "LogProxy.Lib", "LogProxy.Lib\LogProxy.Lib.csproj", "{11E472C8-E87C-4F1B-8219-53F331869D9D}"
EndProject
Project("{FAE04EC0-301F-11D3-BF4B-00C04F79EFBC}") = "LogProxy.Lib.Tests.Unit", "LogProxy.Lib.Tests.Unit\LogProxy.Lib.Tests.Unit.csproj", "{CC5166D1-591C-4CC4-890B-A278CEC4101D}"
EndProject
Project("{FAE04EC0-301F-11D3-BF4B-00C04F79EFBC}") = "LogProxy.MakeCertWrapper", "LogProxy.MakeCertWrapper\LogProxy.MakeCertWrapper.csproj", "{18DEE6B6-956D-43CE-B9A7-69CAC2DD051C}"
EndProject
Project("{FAE04EC0-301F-11D3-BF4B-00C04F79EFBC}") = "LogProxy.MakeCertWrapper.Tests.Integration", "LogProxy.MakeCertWrapper.Tests.Integration\LogProxy.MakeCertWrapper.Tests.Integration.csproj", "{B43F9072-B618-452B-A7EC-2C7B6D2029E2}"
EndProject
Global
	GlobalSection(SolutionConfigurationPlatforms) = preSolution
		Debug|Any CPU = Debug|Any CPU
		Release|Any CPU = Release|Any CPU
	EndGlobalSection
	GlobalSection(ProjectConfigurationPlatforms) = postSolution
		{ED3CF737-43CD-4AC3-977C-3FB798C00FFB}.Debug|Any CPU.ActiveCfg = Debug|Any CPU
		{ED3CF737-43CD-4AC3-977C-3FB798C00FFB}.Debug|Any CPU.Build.0 = Debug|Any CPU
		{ED3CF737-43CD-4AC3-977C-3FB798C00FFB}.Release|Any CPU.ActiveCfg = Release|Any CPU
		{ED3CF737-43CD-4AC3-977C-3FB798C00FFB}.Release|Any CPU.Build.0 = Release|Any CPU
		{11E472C8-E87C-4F1B-8219-53F331869D9D}.Debug|Any CPU.ActiveCfg = Debug|Any CPU
		{11E472C8-E87C-4F1B-8219-53F331869D9D}.Debug|Any CPU.Build.0 = Debug|Any CPU
		{11E472C8-E87C-4F1B-8219-53F331869D9D}.Release|Any CPU.ActiveCfg = Release|Any CPU
		{11E472C8-E87C-4F1B-8219-53F331869D9D}.Release|Any CPU.Build.0 = Release|Any CPU
		{CC5166D1-591C-4CC4-890B-A278CEC4101D}.Debug|Any CPU.ActiveCfg = Debug|Any CPU
		{CC5166D1-591C-4CC4-890B-A278CEC4101D}.Debug|Any CPU.Build.0 = Debug|Any CPU
		{CC5166D1-591C-4CC4-890B-A278CEC4101D}.Release|Any CPU.ActiveCfg = Release|Any CPU
		{CC5166D1-591C-4CC4-890B-A278CEC4101D}.Release|Any CPU.Build.0 = Release|Any CPU
		{18DEE6B6-956D-43CE-B9A7-69CAC2DD051C}.Debug|Any CPU.ActiveCfg = Debug|Any CPU
		{18DEE6B6-956D-43CE-B9A7-69CAC2DD051C}.Debug|Any CPU.Build.0 = Debug|Any CPU
		{18DEE6B6-956D-43CE-B9A7-69CAC2DD051C}.Release|Any CPU.ActiveCfg = Release|Any CPU
		{18DEE6B6-956D-43CE-B9A7-69CAC2DD051C}.Release|Any CPU.Build.0 = Release|Any CPU
		{B43F9072-B618-452B-A7EC-2C7B6D2029E2}.Debug|Any CPU.ActiveCfg = Debug|Any CPU
		{B43F9072-B618-452B-A7EC-2C7B6D2029E2}.Debug|Any CPU.Build.0 = Debug|Any CPU
		{B43F9072-B618-452B-A7EC-2C7B6D2029E2}.Release|Any CPU.ActiveCfg = Release|Any CPU
		{B43F9072-B618-452B-A7EC-2C7B6D2029E2}.Release|Any CPU.Build.0 = Release|Any CPU
	EndGlobalSection
	GlobalSection(SolutionProperties) = preSolution
		HideSolutionNode = FALSE
	EndGlobalSection
EndGlobal
